
Microsoft Visual Studio Solution File, Format Version 12.00
# Visual Studio Version 17
VisualStudioVersion = 17.13.35931.197 d17.13
MinimumVisualStudioVersion = 10.0.40219.1
Project("{FAE04EC0-301F-11D3-BF4B-00C04F79EFBC}") = "SimpleMethod2", "SimpleMethod2.csproj", "{6678A4E4-0F56-40AD-BB22-ACC66A4A4336}"
EndProject
Global
	GlobalSection(SolutionConfigurationPlatforms) = preSolution
		Debug|Any CPU = Debug|Any CPU
		Release|Any CPU = Release|Any CPU
	EndGlobalSection
	GlobalSection(ProjectConfigurationPlatforms) = postSolution
		{6678A4E4-0F56-40AD-BB22-ACC66A4A4336}.Debug|Any CPU.ActiveCfg = Debug|Any CPU
		{6678A4E4-0F56-40AD-BB22-ACC66A4A4336}.Debug|Any CPU.Build.0 = Debug|Any CPU
		{6678A4E4-0F56-40AD-BB22-ACC66A4A4336}.Release|Any CPU.ActiveCfg = Release|Any CPU
		{6678A4E4-0F56-40AD-BB22-ACC66A4A4336}.Release|Any CPU.Build.0 = Release|Any CPU
	EndGlobalSection
	GlobalSection(SolutionProperties) = preSolution
		HideSolutionNode = FALSE
	EndGlobalSection
	GlobalSection(ExtensibilityGlobals) = postSolution
		SolutionGuid = {A5596751-51E6-4B71-94B7-947EDC5CAC5E}
	EndGlobalSection
EndGlobal
